// !$*UTF8*$!
{
	archiveVersion = 1;
	classes = {
	};
	objectVersion = 46;
	objects = {

/* Begin PBXBuildFile section */
		7ED945001B3BB996004AFB4C /* AppDelegate.swift in Sources */ = {isa = PBXBuildFile; fileRef = 7ED944FF1B3BB996004AFB4C /* AppDelegate.swift */; };
		7ED945021B3BB996004AFB4C /* ViewController.swift in Sources */ = {isa = PBXBuildFile; fileRef = 7ED945011B3BB996004AFB4C /* ViewController.swift */; };
		7ED945051B3BB996004AFB4C /* Main.storyboard in Resources */ = {isa = PBXBuildFile; fileRef = 7ED945031B3BB996004AFB4C /* Main.storyboard */; };
		7ED945071B3BB996004AFB4C /* Images.xcassets in Resources */ = {isa = PBXBuildFile; fileRef = 7ED945061B3BB996004AFB4C /* Images.xcassets */; };
		7ED9450A1B3BB996004AFB4C /* LaunchScreen.xib in Resources */ = {isa = PBXBuildFile; fileRef = 7ED945081B3BB996004AFB4C /* LaunchScreen.xib */; };
		7ED945161B3BB996004AFB4C /* WeatherTests.swift in Sources */ = {isa = PBXBuildFile; fileRef = 7ED945151B3BB996004AFB4C /* WeatherTests.swift */; };
		829BE22A6F347ACA79D7F4E4 /* libPods.a in Frameworks */ = {isa = PBXBuildFile; fileRef = 0DF4A21060DBDEC357963559 /* libPods.a */; };
/* End PBXBuildFile section */

/* Begin PBXContainerItemProxy section */
		7ED945101B3BB996004AFB4C /* PBXContainerItemProxy */ = {
			isa = PBXContainerItemProxy;
			containerPortal = 7ED944F21B3BB996004AFB4C /* Project object */;
			proxyType = 1;
			remoteGlobalIDString = 7ED944F91B3BB996004AFB4C;
			remoteInfo = Weather;
		};
/* End PBXContainerItemProxy section */

/* Begin PBXFileReference section */
		0DF4A21060DBDEC357963559 /* libPods.a */ = {isa = PBXFileReference; explicitFileType = archive.ar; includeInIndex = 0; path = libPods.a; sourceTree = BUILT_PRODUCTS_DIR; };
		7ED944FA1B3BB996004AFB4C /* Weather.app */ = {isa = PBXFileReference; explicitFileType = wrapper.application; includeInIndex = 0; path = Weather.app; sourceTree = BUILT_PRODUCTS_DIR; };
		7ED944FE1B3BB996004AFB4C /* Info.plist */ = {isa = PBXFileReference; lastKnownFileType = text.plist.xml; path = Info.plist; sourceTree = "<group>"; };
		7ED944FF1B3BB996004AFB4C /* AppDelegate.swift */ = {isa = PBXFileReference; lastKnownFileType = sourcecode.swift; path = AppDelegate.swift; sourceTree = "<group>"; };
		7ED945011B3BB996004AFB4C /* ViewController.swift */ = {isa = PBXFileReference; lastKnownFileType = sourcecode.swift; path = ViewController.swift; sourceTree = "<group>"; };
		7ED945041B3BB996004AFB4C /* Base */ = {isa = PBXFileReference; lastKnownFileType = file.storyboard; name = Base; path = Base.lproj/Main.storyboard; sourceTree = "<group>"; };
		7ED945061B3BB996004AFB4C /* Images.xcassets */ = {isa = PBXFileReference; lastKnownFileType = folder.assetcatalog; path = Images.xcassets; sourceTree = "<group>"; };
		7ED945091B3BB996004AFB4C /* Base */ = {isa = PBXFileReference; lastKnownFileType = file.xib; name = Base; path = Base.lproj/LaunchScreen.xib; sourceTree = "<group>"; };
		7ED9450F1B3BB996004AFB4C /* WeatherTests.xctest */ = {isa = PBXFileReference; explicitFileType = wrapper.cfbundle; includeInIndex = 0; path = WeatherTests.xctest; sourceTree = BUILT_PRODUCTS_DIR; };
		7ED945141B3BB996004AFB4C /* Info.plist */ = {isa = PBXFileReference; lastKnownFileType = text.plist.xml; path = Info.plist; sourceTree = "<group>"; };
		7ED945151B3BB996004AFB4C /* WeatherTests.swift */ = {isa = PBXFileReference; lastKnownFileType = sourcecode.swift; path = WeatherTests.swift; sourceTree = "<group>"; };
		7ED945211B3BDBA5004AFB4C /* Weather-Bridging-Header.h */ = {isa = PBXFileReference; lastKnownFileType = sourcecode.c.h; path = "Weather-Bridging-Header.h"; sourceTree = "<group>"; };
		A8ED604015C8C81F84061352 /* Pods.debug.xcconfig */ = {isa = PBXFileReference; includeInIndex = 1; lastKnownFileType = text.xcconfig; name = Pods.debug.xcconfig; path = "Pods/Target Support Files/Pods/Pods.debug.xcconfig"; sourceTree = "<group>"; };
		B8EAE5110BC49456A9E79E6A /* Pods.release.xcconfig */ = {isa = PBXFileReference; includeInIndex = 1; lastKnownFileType = text.xcconfig; name = Pods.release.xcconfig; path = "Pods/Target Support Files/Pods/Pods.release.xcconfig"; sourceTree = "<group>"; };
/* End PBXFileReference section */

/* Begin PBXFrameworksBuildPhase section */
		7ED944F71B3BB996004AFB4C /* Frameworks */ = {
			isa = PBXFrameworksBuildPhase;
			buildActionMask = 2147483647;
			files = (
				829BE22A6F347ACA79D7F4E4 /* libPods.a in Frameworks */,
			);
			runOnlyForDeploymentPostprocessing = 0;
		};
		7ED9450C1B3BB996004AFB4C /* Frameworks */ = {
			isa = PBXFrameworksBuildPhase;
			buildActionMask = 2147483647;
			files = (
			);
			runOnlyForDeploymentPostprocessing = 0;
		};
/* End PBXFrameworksBuildPhase section */

/* Begin PBXGroup section */
		1A2F64675E6EE0A199D80991 /* Pods */ = {
			isa = PBXGroup;
			children = (
				A8ED604015C8C81F84061352 /* Pods.debug.xcconfig */,
				B8EAE5110BC49456A9E79E6A /* Pods.release.xcconfig */,
			);
			name = Pods;
			sourceTree = "<group>";
		};
		261B4FF869F9AF16AEADE0E2 /* Frameworks */ = {
			isa = PBXGroup;
			children = (
				0DF4A21060DBDEC357963559 /* libPods.a */,
			);
			name = Frameworks;
			sourceTree = "<group>";
		};
		7ED944F11B3BB996004AFB4C = {
			isa = PBXGroup;
			children = (
				7ED944FC1B3BB996004AFB4C /* Weather */,
				7ED945121B3BB996004AFB4C /* WeatherTests */,
				7ED944FB1B3BB996004AFB4C /* Products */,
				1A2F64675E6EE0A199D80991 /* Pods */,
				261B4FF869F9AF16AEADE0E2 /* Frameworks */,
			);
			sourceTree = "<group>";
		};
		7ED944FB1B3BB996004AFB4C /* Products */ = {
			isa = PBXGroup;
			children = (
				7ED944FA1B3BB996004AFB4C /* Weather.app */,
				7ED9450F1B3BB996004AFB4C /* WeatherTests.xctest */,
			);
			name = Products;
			sourceTree = "<group>";
		};
		7ED944FC1B3BB996004AFB4C /* Weather */ = {
			isa = PBXGroup;
			children = (
				7ED944FF1B3BB996004AFB4C /* AppDelegate.swift */,
				7ED945011B3BB996004AFB4C /* ViewController.swift */,
				7ED945031B3BB996004AFB4C /* Main.storyboard */,
				7ED945061B3BB996004AFB4C /* Images.xcassets */,
				7ED945081B3BB996004AFB4C /* LaunchScreen.xib */,
				7ED944FD1B3BB996004AFB4C /* Supporting Files */,
				7ED945211B3BDBA5004AFB4C /* Weather-Bridging-Header.h */,
			);
			path = Weather;
			sourceTree = "<group>";
		};
		7ED944FD1B3BB996004AFB4C /* Supporting Files */ = {
			isa = PBXGroup;
			children = (
				7ED944FE1B3BB996004AFB4C /* Info.plist */,
			);
			name = "Supporting Files";
			sourceTree = "<group>";
		};
		7ED945121B3BB996004AFB4C /* WeatherTests */ = {
			isa = PBXGroup;
			children = (
				7ED945151B3BB996004AFB4C /* WeatherTests.swift */,
				7ED945131B3BB996004AFB4C /* Supporting Files */,
			);
			path = WeatherTests;
			sourceTree = "<group>";
		};
		7ED945131B3BB996004AFB4C /* Supporting Files */ = {
			isa = PBXGroup;
			children = (
				7ED945141B3BB996004AFB4C /* Info.plist */,
			);
			name = "Supporting Files";
			sourceTree = "<group>";
		};
/* End PBXGroup section */

/* Begin PBXNativeTarget section */
		7ED944F91B3BB996004AFB4C /* Weather */ = {
			isa = PBXNativeTarget;
			buildConfigurationList = 7ED945191B3BB996004AFB4C /* Build configuration list for PBXNativeTarget "Weather" */;
			buildPhases = (
				C5FFB893A3706F7957DF451B /* Check Pods Manifest.lock */,
				7ED944F61B3BB996004AFB4C /* Sources */,
				7ED944F71B3BB996004AFB4C /* Frameworks */,
				7ED944F81B3BB996004AFB4C /* Resources */,
				72920ACDD3C881F680533276 /* Copy Pods Resources */,
			);
			buildRules = (
			);
			dependencies = (
			);
			name = Weather;
			productName = Weather;
			productReference = 7ED944FA1B3BB996004AFB4C /* Weather.app */;
			productType = "com.apple.product-type.application";
		};
		7ED9450E1B3BB996004AFB4C /* WeatherTests */ = {
			isa = PBXNativeTarget;
			buildConfigurationList = 7ED9451C1B3BB996004AFB4C /* Build configuration list for PBXNativeTarget "WeatherTests" */;
			buildPhases = (
				7ED9450B1B3BB996004AFB4C /* Sources */,
				7ED9450C1B3BB996004AFB4C /* Frameworks */,
				7ED9450D1B3BB996004AFB4C /* Resources */,
			);
			buildRules = (
			);
			dependencies = (
				7ED945111B3BB996004AFB4C /* PBXTargetDependency */,
			);
			name = WeatherTests;
			productName = WeatherTests;
			productReference = 7ED9450F1B3BB996004AFB4C /* WeatherTests.xctest */;
			productType = "com.apple.product-type.bundle.unit-test";
		};
/* End PBXNativeTarget section */

/* Begin PBXProject section */
		7ED944F21B3BB996004AFB4C /* Project object */ = {
			isa = PBXProject;
			attributes = {
				LastUpgradeCheck = 0630;
				ORGANIZATIONNAME = "刘伟龙";
				TargetAttributes = {
					7ED944F91B3BB996004AFB4C = {
						CreatedOnToolsVersion = 6.3.2;
					};
					7ED9450E1B3BB996004AFB4C = {
						CreatedOnToolsVersion = 6.3.2;
						TestTargetID = 7ED944F91B3BB996004AFB4C;
					};
				};
			};
			buildConfigurationList = 7ED944F51B3BB996004AFB4C /* Build configuration list for PBXProject "Weather" */;
			compatibilityVersion = "Xcode 3.2";
			developmentRegion = English;
			hasScannedForEncodings = 0;
			knownRegions = (
				en,
				Base,
			);
			mainGroup = 7ED944F11B3BB996004AFB4C;
			productRefGroup = 7ED944FB1B3BB996004AFB4C /* Products */;
			projectDirPath = "";
			projectRoot = "";
			targets = (
				7ED944F91B3BB996004AFB4C /* Weather */,
				7ED9450E1B3BB996004AFB4C /* WeatherTests */,
			);
		};
/* End PBXProject section */

/* Begin PBXResourcesBuildPhase section */
		7ED944F81B3BB996004AFB4C /* Resources */ = {
			isa = PBXResourcesBuildPhase;
			buildActionMask = 2147483647;
			files = (
				7ED945051B3BB996004AFB4C /* Main.storyboard in Resources */,
				7ED9450A1B3BB996004AFB4C /* LaunchScreen.xib in Resources */,
				7ED945071B3BB996004AFB4C /* Images.xcassets in Resources */,
			);
			runOnlyForDeploymentPostprocessing = 0;
		};
		7ED9450D1B3BB996004AFB4C /* Resources */ = {
			isa = PBXResourcesBuildPhase;
			buildActionMask = 2147483647;
			files = (
			);
			runOnlyForDeploymentPostprocessing = 0;
		};
/* End PBXResourcesBuildPhase section */

/* Begin PBXShellScriptBuildPhase section */
		72920ACDD3C881F680533276 /* Copy Pods Resources */ = {
			isa = PBXShellScriptBuildPhase;
			buildActionMask = 2147483647;
			files = (
			);
			inputPaths = (
			);
			name = "Copy Pods Resources";
			outputPaths = (
			);
			runOnlyForDeploymentPostprocessing = 0;
			shellPath = /bin/sh;
			shellScript = "\"${SRCROOT}/Pods/Target Support Files/Pods/Pods-resources.sh\"\n";
			showEnvVarsInLog = 0;
		};
		C5FFB893A3706F7957DF451B /* Check Pods Manifest.lock */ = {
			isa = PBXShellScriptBuildPhase;
			buildActionMask = 2147483647;
			files = (
			);
			inputPaths = (
			);
			name = "Check Pods Manifest.lock";
			outputPaths = (
			);
			runOnlyForDeploymentPostprocessing = 0;
			shellPath = /bin/sh;
			shellScript = "diff \"${PODS_ROOT}/../Podfile.lock\" \"${PODS_ROOT}/Manifest.lock\" > /dev/null\nif [[ $? != 0 ]] ; then\n    cat << EOM\nerror: The sandbox is not in sync with the Podfile.lock. Run 'pod install' or update your CocoaPods installation.\nEOM\n    exit 1\nfi\n";
			showEnvVarsInLog = 0;
		};
/* End PBXShellScriptBuildPhase section */

/* Begin PBXSourcesBuildPhase section */
		7ED944F61B3BB996004AFB4C /* Sources */ = {
			isa = PBXSourcesBuildPhase;
			buildActionMask = 2147483647;
			files = (
				7ED945021B3BB996004AFB4C /* ViewController.swift in Sources */,
				7ED945001B3BB996004AFB4C /* AppDelegate.swift in Sources */,
			);
			runOnlyForDeploymentPostprocessing = 0;
		};
		7ED9450B1B3BB996004AFB4C /* Sources */ = {
			isa = PBXSourcesBuildPhase;
			buildActionMask = 2147483647;
			files = (
				7ED945161B3BB996004AFB4C /* WeatherTests.swift in Sources */,
			);
			runOnlyForDeploymentPostprocessing = 0;
		};
/* End PBXSourcesBuildPhase section */

/* Begin PBXTargetDependency section */
		7ED945111B3BB996004AFB4C /* PBXTargetDependency */ = {
			isa = PBXTargetDependency;
			target = 7ED944F91B3BB996004AFB4C /* Weather */;
			targetProxy = 7ED945101B3BB996004AFB4C /* PBXContainerItemProxy */;
		};
/* End PBXTargetDependency section */

/* Begin PBXVariantGroup section */
		7ED945031B3BB996004AFB4C /* Main.storyboard */ = {
			isa = PBXVariantGroup;
			children = (
				7ED945041B3BB996004AFB4C /* Base */,
			);
			name = Main.storyboard;
			sourceTree = "<group>";
		};
		7ED945081B3BB996004AFB4C /* LaunchScreen.xib */ = {
			isa = PBXVariantGroup;
			children = (
				7ED945091B3BB996004AFB4C /* Base */,
			);
			name = LaunchScreen.xib;
			sourceTree = "<group>";
		};
/* End PBXVariantGroup section */

/* Begin XCBuildConfiguration section */
		7ED945171B3BB996004AFB4C /* Debug */ = {
			isa = XCBuildConfiguration;
			buildSettings = {
				ALWAYS_SEARCH_USER_PATHS = NO;
				CLANG_CXX_LANGUAGE_STANDARD = "gnu++0x";
				CLANG_CXX_LIBRARY = "libc++";
				CLANG_ENABLE_MODULES = YES;
				CLANG_ENABLE_OBJC_ARC = YES;
				CLANG_WARN_BOOL_CONVERSION = YES;
				CLANG_WARN_CONSTANT_CONVERSION = YES;
				CLANG_WARN_DIRECT_OBJC_ISA_USAGE = YES_ERROR;
				CLANG_WARN_EMPTY_BODY = YES;
				CLANG_WARN_ENUM_CONVERSION = YES;
				CLANG_WARN_INT_CONVERSION = YES;
				CLANG_WARN_OBJC_ROOT_CLASS = YES_ERROR;
				CLANG_WARN_UNREACHABLE_CODE = YES;
				CLANG_WARN__DUPLICATE_METHOD_MATCH = YES;
				"CODE_SIGN_IDENTITY[sdk=iphoneos*]" = "iPhone Developer";
				COPY_PHASE_STRIP = NO;
				DEBUG_INFORMATION_FORMAT = "dwarf-with-dsym";
				ENABLE_STRICT_OBJC_MSGSEND = YES;
				GCC_C_LANGUAGE_STANDARD = gnu99;
				GCC_DYNAMIC_NO_PIC = NO;
				GCC_NO_COMMON_BLOCKS = YES;
				GCC_OPTIMIZATION_LEVEL = 0;
				GCC_PREPROCESSOR_DEFINITIONS = (
					"DEBUG=1",
					"$(inherited)",
				);
				GCC_SYMBOLS_PRIVATE_EXTERN = NO;
				GCC_WARN_64_TO_32_BIT_CONVERSION = YES;
				GCC_WARN_ABOUT_RETURN_TYPE = YES_ERROR;
				GCC_WARN_UNDECLARED_SELECTOR = YES;
				GCC_WARN_UNINITIALIZED_AUTOS = YES_AGGRESSIVE;
				GCC_WARN_UNUSED_FUNCTION = YES;
				GCC_WARN_UNUSED_VARIABLE = YES;
				IPHONEOS_DEPLOYMENT_TARGET = 8.3;
				MTL_ENABLE_DEBUG_INFO = YES;
				ONLY_ACTIVE_ARCH = YES;
				SDKROOT = iphoneos;
				SWIFT_OBJC_BRIDGING_HEADER = "";
				SWIFT_OPTIMIZATION_LEVEL = "-Onone";
			};
			name = Debug;
		};
		7ED945181B3BB996004AFB4C /* Release */ = {
			isa = XCBuildConfiguration;
			buildSettings = {
				ALWAYS_SEARCH_USER_PATHS = NO;
				CLANG_CXX_LANGUAGE_STANDARD = "gnu++0x";
				CLANG_CXX_LIBRARY = "libc++";
				CLANG_ENABLE_MODULES = YES;
				CLANG_ENABLE_OBJC_ARC = YES;
				CLANG_WARN_BOOL_CONVERSION = YES;
				CLANG_WARN_CONSTANT_CONVERSION = YES;
				CLANG_WARN_DIRECT_OBJC_ISA_USAGE = YES_ERROR;
				CLANG_WARN_EMPTY_BODY = YES;
				CLANG_WARN_ENUM_CONVERSION = YES;
				CLANG_WARN_INT_CONVERSION = YES;
				CLANG_WARN_OBJC_ROOT_CLASS = YES_ERROR;
				CLANG_WARN_UNREACHABLE_CODE = YES;
				CLANG_WARN__DUPLICATE_METHOD_MATCH = YES;
				"CODE_SIGN_IDENTITY[sdk=iphoneos*]" = "iPhone Developer";
				COPY_PHASE_STRIP = NO;
				DEBUG_INFORMATION_FORMAT = "dwarf-with-dsym";
				ENABLE_NS_ASSERTIONS = NO;
				ENABLE_STRICT_OBJC_MSGSEND = YES;
				GCC_C_LANGUAGE_STANDARD = gnu99;
				GCC_NO_COMMON_BLOCKS = YES;
				GCC_WARN_64_TO_32_BIT_CONVERSION = YES;
				GCC_WARN_ABOUT_RETURN_TYPE = YES_ERROR;
				GCC_WARN_UNDECLARED_SELECTOR = YES;
				GCC_WARN_UNINITIALIZED_AUTOS = YES_AGGRESSIVE;
				GCC_WARN_UNUSED_FUNCTION = YES;
				GCC_WARN_UNUSED_VARIABLE = YES;
				IPHONEOS_DEPLOYMENT_TARGET = 8.3;
				MTL_ENABLE_DEBUG_INFO = NO;
				SDKROOT = iphoneos;
				SWIFT_OBJC_BRIDGING_HEADER = "";
				VALIDATE_PRODUCT = YES;
			};
			name = Release;
		};
		7ED9451A1B3BB996004AFB4C /* Debug */ = {
			isa = XCBuildConfiguration;
			baseConfigurationReference = A8ED604015C8C81F84061352 /* Pods.debug.xcconfig */;
			buildSettings = {
				ASSETCATALOG_COMPILER_APPICON_NAME = AppIcon;
				INFOPLIST_FILE = Weather/Info.plist;
				LD_RUNPATH_SEARCH_PATHS = "$(inherited) @executable_path/Frameworks";
				PRODUCT_NAME = "$(TARGET_NAME)";
				SWIFT_OBJC_BRIDGING_HEADER = "Weather/Weather-Bridging-Header.h";
			};
			name = Debug;
		};
		7ED9451B1B3BB996004AFB4C /* Release */ = {
			isa = XCBuildConfiguration;
			baseConfigurationReference = B8EAE5110BC49456A9E79E6A /* Pods.release.xcconfig */;
			buildSettings = {
				ASSETCATALOG_COMPILER_APPICON_NAME = AppIcon;
				INFOPLIST_FILE = Weather/Info.plist;
				LD_RUNPATH_SEARCH_PATHS = "$(inherited) @executable_path/Frameworks";
				PRODUCT_NAME = "$(TARGET_NAME)";
				SWIFT_OBJC_BRIDGING_HEADER = "Weather/Weather-Bridging-Header.h";
			};
			name = Release;
		};
		7ED9451D1B3BB996004AFB4C /* Debug */ = {
			isa = XCBuildConfiguration;
			buildSettings = {
				BUNDLE_LOADER = "$(TEST_HOST)";
				FRAMEWORK_SEARCH_PATHS = (
					"$(SDKROOT)/Developer/Library/Frameworks",
					"$(inherited)",
				);
				GCC_PREPROCESSOR_DEFINITIONS = (
					"DEBUG=1",
					"$(inherited)",
				);
				INFOPLIST_FILE = WeatherTests/Info.plist;
				LD_RUNPATH_SEARCH_PATHS = "$(inherited) @executable_path/Frameworks @loader_path/Frameworks";
				PRODUCT_NAME = "$(TARGET_NAME)";
				TEST_HOST = "$(BUILT_PRODUCTS_DIR)/Weather.app/Weather";
			};
			name = Debug;
		};
		7ED9451E1B3BB996004AFB4C /* Release */ = {
			isa = XCBuildConfiguration;
			buildSettings = {
				BUNDLE_LOADER = "$(TEST_HOST)";
				FRAMEWORK_SEARCH_PATHS = (
					"$(SDKROOT)/Developer/Library/Frameworks",
					"$(inherited)",
				);
				INFOPLIST_FILE = WeatherTests/Info.plist;
				LD_RUNPATH_SEARCH_PATHS = "$(inherited) @executable_path/Frameworks @loader_path/Frameworks";
				PRODUCT_NAME = "$(TARGET_NAME)";
				TEST_HOST = "$(BUILT_PRODUCTS_DIR)/Weather.app/Weather";
			};
			name = Release;
		};
/* End XCBuildConfiguration section */

/* Begin XCConfigurationList section */
		7ED944F51B3BB996004AFB4C /* Build configuration list for PBXProject "Weather" */ = {
			isa = XCConfigurationList;
			buildConfigurations = (
				7ED945171B3BB996004AFB4C /* Debug */,
				7ED945181B3BB996004AFB4C /* Release */,
			);
			defaultConfigurationIsVisible = 0;
			defaultConfigurationName = Release;
		};
		7ED945191B3BB996004AFB4C /* Build configuration list for PBXNativeTarget "Weather" */ = {
			isa = XCConfigurationList;
			buildConfigurations = (
				7ED9451A1B3BB996004AFB4C /* Debug */,
				7ED9451B1B3BB996004AFB4C /* Release */,
			);
			defaultConfigurationIsVisible = 0;
			defaultConfigurationName = Release;
		};
		7ED9451C1B3BB996004AFB4C /* Build configuration list for PBXNativeTarget "WeatherTests" */ = {
			isa = XCConfigurationList;
			buildConfigurations = (
				7ED9451D1B3BB996004AFB4C /* Debug */,
				7ED9451E1B3BB996004AFB4C /* Release */,
			);
			defaultConfigurationIsVisible = 0;
			defaultConfigurationName = Release;
		};
/* End XCConfigurationList section */
	};
	rootObject = 7ED944F21B3BB996004AFB4C /* Project object */;
}
